
Microsoft Visual Studio Solution File, Format Version 12.00
# Visual Studio 15
VisualStudioVersion = 15.0.27130.2026
MinimumVisualStudioVersion = 10.0.40219.1
Project("{FAE04EC0-301F-11D3-BF4B-00C04F79EFBC}") = "Web", "Web\Web.csproj", "{26BF58C7-7325-4B4E-B76C-7B36234FAA29}"
EndProject
Global
	GlobalSection(SolutionConfigurationPlatforms) = preSolution
		Debug|Any CPU = Debug|Any CPU
		Release|Any CPU = Release|Any CPU
	EndGlobalSection
	GlobalSection(ProjectConfigurationPlatforms) = postSolution
		{26BF58C7-7325-4B4E-B76C-7B36234FAA29}.Debug|Any CPU.ActiveCfg = Debug|Any CPU
		{26BF58C7-7325-4B4E-B76C-7B36234FAA29}.Debug|Any CPU.Build.0 = Debug|Any CPU
		{26BF58C7-7325-4B4E-B76C-7B36234FAA29}.Release|Any CPU.ActiveCfg = Release|Any CPU
		{26BF58C7-7325-4B4E-B76C-7B36234FAA29}.Release|Any CPU.Build.0 = Release|Any CPU
	EndGlobalSection
	GlobalSection(SolutionProperties) = preSolution
		HideSolutionNode = FALSE
	EndGlobalSection
	GlobalSection(ExtensibilityGlobals) = postSolution
		SolutionGuid = {F809ED63-B803-4060-9724-041423A9C656}
	EndGlobalSection
EndGlobal
